
Microsoft Visual Studio Solution File, Format Version 12.00
# Visual Studio 15
VisualStudioVersion = 15.0.27703.2047
MinimumVisualStudioVersion = 10.0.40219.1
Project("{FAE04EC0-301F-11D3-BF4B-00C04F79EFBC}") = "GiganciSem1CSharpCourseProjects", "GiganciSem1CSharpCourseProjects\GiganciSem1CSharpCourseProjects.csproj", "{DF36A557-76ED-4728-BF6E-C4DAB5E32F61}"
EndProject
Global
	GlobalSection(SolutionConfigurationPlatforms) = preSolution
		Debug|Any CPU = Debug|Any CPU
		Release|Any CPU = Release|Any CPU
	EndGlobalSection
	GlobalSection(ProjectConfigurationPlatforms) = postSolution
		{DF36A557-76ED-4728-BF6E-C4DAB5E32F61}.Debug|Any CPU.ActiveCfg = Debug|Any CPU
		{DF36A557-76ED-4728-BF6E-C4DAB5E32F61}.Debug|Any CPU.Build.0 = Debug|Any CPU
		{DF36A557-76ED-4728-BF6E-C4DAB5E32F61}.Release|Any CPU.ActiveCfg = Release|Any CPU
		{DF36A557-76ED-4728-BF6E-C4DAB5E32F61}.Release|Any CPU.Build.0 = Release|Any CPU
	EndGlobalSection
	GlobalSection(SolutionProperties) = preSolution
		HideSolutionNode = FALSE
	EndGlobalSection
	GlobalSection(ExtensibilityGlobals) = postSolution
		SolutionGuid = {8B5E4F2A-2A1F-4536-9A0D-66EE75B92865}
	EndGlobalSection
EndGlobal
